
Microsoft Visual Studio Solution File, Format Version 11.00
# Visual Studio 2010
Project("{8BC9CEB8-8B4A-11D0-8D11-00A0C91BC942}") = "common", "common\common.vcxproj", "{1065DAA7-F1A1-4553-B270-F48612803850}"
EndProject
Project("{8BC9CEB8-8B4A-11D0-8D11-00A0C91BC942}") = "graphic", "graphic\graphic.vcxproj", "{9DFE9159-0E09-472F-A202-0D04C54392E7}"
EndProject
Project("{8BC9CEB8-8B4A-11D0-8D11-00A0C91BC942}") = "Framework", "Framework\Framework.vcxproj", "{F4B2017C-7351-44B0-B926-DC306D6667AB}"
EndProject
Project("{8BC9CEB8-8B4A-11D0-8D11-00A0C91BC942}") = "gameApp", "gameApp\gameApp.vcxproj", "{499B59D1-23C4-47F3-A211-9B7543963DCA}"
EndProject
Global
	GlobalSection(SolutionConfigurationPlatforms) = preSolution
		Debug|Win32 = Debug|Win32
		Release|Win32 = Release|Win32
	EndGlobalSection
	GlobalSection(ProjectConfigurationPlatforms) = postSolution
		{1065DAA7-F1A1-4553-B270-F48612803850}.Debug|Win32.ActiveCfg = Debug|Win32
		{1065DAA7-F1A1-4553-B270-F48612803850}.Debug|Win32.Build.0 = Debug|Win32
		{1065DAA7-F1A1-4553-B270-F48612803850}.Release|Win32.ActiveCfg = Release|Win32
		{1065DAA7-F1A1-4553-B270-F48612803850}.Release|Win32.Build.0 = Release|Win32
		{9DFE9159-0E09-472F-A202-0D04C54392E7}.Debug|Win32.ActiveCfg = Debug|Win32
		{9DFE9159-0E09-472F-A202-0D04C54392E7}.Debug|Win32.Build.0 = Debug|Win32
		{9DFE9159-0E09-472F-A202-0D04C54392E7}.Release|Win32.ActiveCfg = Release|Win32
		{9DFE9159-0E09-472F-A202-0D04C54392E7}.Release|Win32.Build.0 = Release|Win32
		{F4B2017C-7351-44B0-B926-DC306D6667AB}.Debug|Win32.ActiveCfg = Debug|Win32
		{F4B2017C-7351-44B0-B926-DC306D6667AB}.Debug|Win32.Build.0 = Debug|Win32
		{F4B2017C-7351-44B0-B926-DC306D6667AB}.Release|Win32.ActiveCfg = Release|Win32
		{F4B2017C-7351-44B0-B926-DC306D6667AB}.Release|Win32.Build.0 = Release|Win32
		{499B59D1-23C4-47F3-A211-9B7543963DCA}.Debug|Win32.ActiveCfg = Debug|Win32
		{499B59D1-23C4-47F3-A211-9B7543963DCA}.Debug|Win32.Build.0 = Debug|Win32
		{499B59D1-23C4-47F3-A211-9B7543963DCA}.Release|Win32.ActiveCfg = Release|Win32
		{499B59D1-23C4-47F3-A211-9B7543963DCA}.Release|Win32.Build.0 = Release|Win32
	EndGlobalSection
	GlobalSection(SolutionProperties) = preSolution
		HideSolutionNode = FALSE
	EndGlobalSection
EndGlobal
